
Microsoft Visual Studio Solution File, Format Version 12.00
# Visual Studio 2012
Project("{FAE04EC0-301F-11D3-BF4B-00C04F79EFBC}") = "List", "ListTesting\List.csproj", "{81F9FFEC-AF0E-4C9E-865C-9749D3A4D19E}"
EndProject
Global
	GlobalSection(SolutionConfigurationPlatforms) = preSolution
		Debug|Any CPU = Debug|Any CPU
		Release|Any CPU = Release|Any CPU
	EndGlobalSection
	GlobalSection(ProjectConfigurationPlatforms) = postSolution
		{81F9FFEC-AF0E-4C9E-865C-9749D3A4D19E}.Debug|Any CPU.ActiveCfg = Debug|Any CPU
		{81F9FFEC-AF0E-4C9E-865C-9749D3A4D19E}.Debug|Any CPU.Build.0 = Debug|Any CPU
		{81F9FFEC-AF0E-4C9E-865C-9749D3A4D19E}.Release|Any CPU.ActiveCfg = Release|Any CPU
		{81F9FFEC-AF0E-4C9E-865C-9749D3A4D19E}.Release|Any CPU.Build.0 = Release|Any CPU
	EndGlobalSection
	GlobalSection(SolutionProperties) = preSolution
		HideSolutionNode = FALSE
	EndGlobalSection
EndGlobal
