
Microsoft Visual Studio Solution File, Format Version 12.00
# Visual Studio 2012
Project("{FAE04EC0-301F-11D3-BF4B-00C04F79EFBC}") = "DanceMan", "DanceMan\DanceMan.csproj", "{1D4BA468-C66D-412A-A813-84353D2ACE34}"
EndProject
Global
	GlobalSection(SolutionConfigurationPlatforms) = preSolution
		Debug|Any CPU = Debug|Any CPU
		Release|Any CPU = Release|Any CPU
	EndGlobalSection
	GlobalSection(ProjectConfigurationPlatforms) = postSolution
		{1D4BA468-C66D-412A-A813-84353D2ACE34}.Debug|Any CPU.ActiveCfg = Debug|Any CPU
		{1D4BA468-C66D-412A-A813-84353D2ACE34}.Debug|Any CPU.Build.0 = Debug|Any CPU
		{1D4BA468-C66D-412A-A813-84353D2ACE34}.Release|Any CPU.ActiveCfg = Release|Any CPU
		{1D4BA468-C66D-412A-A813-84353D2ACE34}.Release|Any CPU.Build.0 = Release|Any CPU
	EndGlobalSection
	GlobalSection(SolutionProperties) = preSolution
		HideSolutionNode = FALSE
	EndGlobalSection
EndGlobal
