
Microsoft Visual Studio Solution File, Format Version 12.00
# Visual Studio 2012
Project("{FAE04EC0-301F-11D3-BF4B-00C04F79EFBC}") = "Table", "Table\Table.csproj", "{B0435320-3BB1-4312-BAA6-309967BD4039}"
EndProject
Project("{FAE04EC0-301F-11D3-BF4B-00C04F79EFBC}") = "Table2", "Table2\Table2.csproj", "{A5417779-EBFD-4140-8552-A449A48CCFEF}"
EndProject
Global
	GlobalSection(SolutionConfigurationPlatforms) = preSolution
		Debug|Any CPU = Debug|Any CPU
		Release|Any CPU = Release|Any CPU
	EndGlobalSection
	GlobalSection(ProjectConfigurationPlatforms) = postSolution
		{B0435320-3BB1-4312-BAA6-309967BD4039}.Debug|Any CPU.ActiveCfg = Debug|Any CPU
		{B0435320-3BB1-4312-BAA6-309967BD4039}.Debug|Any CPU.Build.0 = Debug|Any CPU
		{B0435320-3BB1-4312-BAA6-309967BD4039}.Release|Any CPU.ActiveCfg = Release|Any CPU
		{B0435320-3BB1-4312-BAA6-309967BD4039}.Release|Any CPU.Build.0 = Release|Any CPU
		{A5417779-EBFD-4140-8552-A449A48CCFEF}.Debug|Any CPU.ActiveCfg = Debug|Any CPU
		{A5417779-EBFD-4140-8552-A449A48CCFEF}.Debug|Any CPU.Build.0 = Debug|Any CPU
		{A5417779-EBFD-4140-8552-A449A48CCFEF}.Release|Any CPU.ActiveCfg = Release|Any CPU
		{A5417779-EBFD-4140-8552-A449A48CCFEF}.Release|Any CPU.Build.0 = Release|Any CPU
	EndGlobalSection
	GlobalSection(SolutionProperties) = preSolution
		HideSolutionNode = FALSE
	EndGlobalSection
EndGlobal
