
Microsoft Visual Studio Solution File, Format Version 12.00
# Visual Studio 2012
Project("{FAE04EC0-301F-11D3-BF4B-00C04F79EFBC}") = "Chessmaster", "Chessmaster\Chessmaster.csproj", "{32CBCC1D-33BA-4639-850A-85F978943A02}"
EndProject
Global
	GlobalSection(TeamFoundationVersionControl) = preSolution
		SccNumberOfProjects = 2
		SccEnterpriseProvider = {4CA58AB2-18FA-4F8D-95D4-32DDF27D184C}
		SccTeamFoundationServer = https://hittelerik.visualstudio.com/defaultcollection
		SccLocalPath0 = .
		SccProjectUniqueName1 = Chessmaster\\Chessmaster.csproj
		SccProjectName1 = Chessmaster
		SccLocalPath1 = Chessmaster
	EndGlobalSection
	GlobalSection(SolutionConfigurationPlatforms) = preSolution
		Debug|Any CPU = Debug|Any CPU
		Release|Any CPU = Release|Any CPU
	EndGlobalSection
	GlobalSection(ProjectConfigurationPlatforms) = postSolution
		{32CBCC1D-33BA-4639-850A-85F978943A02}.Debug|Any CPU.ActiveCfg = Debug|Any CPU
		{32CBCC1D-33BA-4639-850A-85F978943A02}.Debug|Any CPU.Build.0 = Debug|Any CPU
		{32CBCC1D-33BA-4639-850A-85F978943A02}.Release|Any CPU.ActiveCfg = Release|Any CPU
		{32CBCC1D-33BA-4639-850A-85F978943A02}.Release|Any CPU.Build.0 = Release|Any CPU
	EndGlobalSection
	GlobalSection(SolutionProperties) = preSolution
		HideSolutionNode = FALSE
	EndGlobalSection
EndGlobal
